
Microsoft Visual Studio Solution File, Format Version 12.00
# Visual Studio 15
VisualStudioVersion = 15.0.27703.2047
MinimumVisualStudioVersion = 10.0.40219.1
Project("{FAE04EC0-301F-11D3-BF4B-00C04F79EFBC}") = "pentelhoin", "pentelhoin\pentelhoin.csproj", "{46567AD7-95A4-4D6A-91F8-95114E2B2C27}"
EndProject
Global
	GlobalSection(SolutionConfigurationPlatforms) = preSolution
		Debug|Any CPU = Debug|Any CPU
		Release|Any CPU = Release|Any CPU
	EndGlobalSection
	GlobalSection(ProjectConfigurationPlatforms) = postSolution
		{46567AD7-95A4-4D6A-91F8-95114E2B2C27}.Debug|Any CPU.ActiveCfg = Debug|Any CPU
		{46567AD7-95A4-4D6A-91F8-95114E2B2C27}.Debug|Any CPU.Build.0 = Debug|Any CPU
		{46567AD7-95A4-4D6A-91F8-95114E2B2C27}.Release|Any CPU.ActiveCfg = Release|Any CPU
		{46567AD7-95A4-4D6A-91F8-95114E2B2C27}.Release|Any CPU.Build.0 = Release|Any CPU
	EndGlobalSection
	GlobalSection(SolutionProperties) = preSolution
		HideSolutionNode = FALSE
	EndGlobalSection
	GlobalSection(ExtensibilityGlobals) = postSolution
		SolutionGuid = {1C64E5C8-87CC-46DE-A215-0132630BCAC6}
	EndGlobalSection
EndGlobal
